{
  "name": "portal-worker-igreen",
  "version": "5.1.0",
  "lockfileVersion": 3,
  "requires": true,
  "packages": {
    "": {
      "name": "portal-worker-igreen",
      "version": "5.1.0",
      "license": "MIT",
      "dependencies": {
        "@supabase/supabase-js": "^2.39.0",
        "playwright-chromium": "^1.40.0"
      },
      "engines": {
        "node": ">=18.0.0"
      }
    }
  }
}
